// !$*UTF8*$!
{
	archiveVersion = 1;
	classes = {
	};
	objectVersion = 50;
	objects = {

/* Begin PBXBuildFile section */
		0F171894209CD4D300B80456 /* SWRevealViewController.m in Sources */ = {isa = PBXBuildFile; fileRef = 0F171893209CD4D300B80456 /* SWRevealViewController.m */; };
		0F1718AB209CEE2E00B80456 /* ChannelVC.swift in Sources */ = {isa = PBXBuildFile; fileRef = 0F1718AA209CEE2E00B80456 /* ChannelVC.swift */; };
		0F1718AD209CEE3F00B80456 /* ChatVC.swift in Sources */ = {isa = PBXBuildFile; fileRef = 0F1718AC209CEE3F00B80456 /* ChatVC.swift */; };
		0F1718AF209CF7F600B80456 /* GradientView.swift in Sources */ = {isa = PBXBuildFile; fileRef = 0F1718AE209CF7F600B80456 /* GradientView.swift */; };
		0F1718B2209D07DF00B80456 /* Constants.swift in Sources */ = {isa = PBXBuildFile; fileRef = 0F1718B1209D07DF00B80456 /* Constants.swift */; };
		0F1718B4209D0F5700B80456 /* LoginVC.swift in Sources */ = {isa = PBXBuildFile; fileRef = 0F1718B3209D0F5700B80456 /* LoginVC.swift */; };
		0F1718B6209D303A00B80456 /* CreateAccountVC.swift in Sources */ = {isa = PBXBuildFile; fileRef = 0F1718B5209D303A00B80456 /* CreateAccountVC.swift */; };
		0F1718B9209E036700B80456 /* AuthService.swift in Sources */ = {isa = PBXBuildFile; fileRef = 0F1718B8209E036700B80456 /* AuthService.swift */; };
		0F1718BB209E35B600B80456 /* RoundedButton.swift in Sources */ = {isa = PBXBuildFile; fileRef = 0F1718BA209E35B600B80456 /* RoundedButton.swift */; };
		0F206274209F934E00ED2525 /* CircleImage.swift in Sources */ = {isa = PBXBuildFile; fileRef = 0F206273209F934E00ED2525 /* CircleImage.swift */; };
		0F20627920A0ABD000ED2525 /* ProfileVC.swift in Sources */ = {isa = PBXBuildFile; fileRef = 0F20627720A0ABD000ED2525 /* ProfileVC.swift */; };
		0F20627A20A0ABD000ED2525 /* ProfileVC.xib in Resources */ = {isa = PBXBuildFile; fileRef = 0F20627820A0ABD000ED2525 /* ProfileVC.xib */; };
		0F20627D20A2293D00ED2525 /* MessageService.swift in Sources */ = {isa = PBXBuildFile; fileRef = 0F20627C20A2293D00ED2525 /* MessageService.swift */; };
		0F20627F20A2299600ED2525 /* Channel.swift in Sources */ = {isa = PBXBuildFile; fileRef = 0F20627E20A2299600ED2525 /* Channel.swift */; };
		0F20628120A377A500ED2525 /* ChannelCell.swift in Sources */ = {isa = PBXBuildFile; fileRef = 0F20628020A377A500ED2525 /* ChannelCell.swift */; };
		0F20628420A3841000ED2525 /* AddChannelVC.swift in Sources */ = {isa = PBXBuildFile; fileRef = 0F20628220A3841000ED2525 /* AddChannelVC.swift */; };
		0F20628520A3841000ED2525 /* AddChannelVC.xib in Resources */ = {isa = PBXBuildFile; fileRef = 0F20628320A3841000ED2525 /* AddChannelVC.xib */; };
		0F20628720A45E6600ED2525 /* SocketService.swift in Sources */ = {isa = PBXBuildFile; fileRef = 0F20628620A45E6600ED2525 /* SocketService.swift */; };
		0F20628920A4FD5200ED2525 /* Message.swift in Sources */ = {isa = PBXBuildFile; fileRef = 0F20628820A4FD5200ED2525 /* Message.swift */; };
		0F20628B20A50B1600ED2525 /* KeyboardBoundView.swift in Sources */ = {isa = PBXBuildFile; fileRef = 0F20628A20A50B1600ED2525 /* KeyboardBoundView.swift */; };
		0F3660E8209E497F008FAE33 /* UserDataService.swift in Sources */ = {isa = PBXBuildFile; fileRef = 0F3660E7209E497F008FAE33 /* UserDataService.swift */; };
		0F3660EA209F26F8008FAE33 /* AvatarPickerVC.swift in Sources */ = {isa = PBXBuildFile; fileRef = 0F3660E9209F26F8008FAE33 /* AvatarPickerVC.swift */; };
		0F3660EC209F29CB008FAE33 /* AvatarCell.swift in Sources */ = {isa = PBXBuildFile; fileRef = 0F3660EB209F29CB008FAE33 /* AvatarCell.swift */; };
		0F824DAC209CC4E400CF738F /* AppDelegate.swift in Sources */ = {isa = PBXBuildFile; fileRef = 0F824DAB209CC4E400CF738F /* AppDelegate.swift */; };
		0F824DB1209CC4E400CF738F /* Main.storyboard in Resources */ = {isa = PBXBuildFile; fileRef = 0F824DAF209CC4E400CF738F /* Main.storyboard */; };
		0F824DB3209CC4E500CF738F /* Assets.xcassets in Resources */ = {isa = PBXBuildFile; fileRef = 0F824DB2209CC4E500CF738F /* Assets.xcassets */; };
		0F824DB6209CC4E500CF738F /* LaunchScreen.storyboard in Resources */ = {isa = PBXBuildFile; fileRef = 0F824DB4209CC4E500CF738F /* LaunchScreen.storyboard */; };
		D929625F8A3B7197BECC72E1 /* Pods_Smack.framework in Frameworks */ = {isa = PBXBuildFile; fileRef = 9FA671869B45ED7AE189F221 /* Pods_Smack.framework */; };
/* End PBXBuildFile section */

/* Begin PBXFileReference section */
		0F171891209CD4D200B80456 /* Smack-Bridging-Header.h */ = {isa = PBXFileReference; lastKnownFileType = sourcecode.c.h; path = "Smack-Bridging-Header.h"; sourceTree = "<group>"; };
		0F171892209CD4D300B80456 /* SWRevealViewController.h */ = {isa = PBXFileReference; fileEncoding = 4; lastKnownFileType = sourcecode.c.h; path = SWRevealViewController.h; sourceTree = "<group>"; };
		0F171893209CD4D300B80456 /* SWRevealViewController.m */ = {isa = PBXFileReference; fileEncoding = 4; lastKnownFileType = sourcecode.c.objc; path = SWRevealViewController.m; sourceTree = "<group>"; };
		0F1718AA209CEE2E00B80456 /* ChannelVC.swift */ = {isa = PBXFileReference; lastKnownFileType = sourcecode.swift; path = ChannelVC.swift; sourceTree = "<group>"; };
		0F1718AC209CEE3F00B80456 /* ChatVC.swift */ = {isa = PBXFileReference; lastKnownFileType = sourcecode.swift; path = ChatVC.swift; sourceTree = "<group>"; };
		0F1718AE209CF7F600B80456 /* GradientView.swift */ = {isa = PBXFileReference; lastKnownFileType = sourcecode.swift; path = GradientView.swift; sourceTree = "<group>"; };
		0F1718B1209D07DF00B80456 /* Constants.swift */ = {isa = PBXFileReference; lastKnownFileType = sourcecode.swift; path = Constants.swift; sourceTree = "<group>"; };
		0F1718B3209D0F5700B80456 /* LoginVC.swift */ = {isa = PBXFileReference; lastKnownFileType = sourcecode.swift; path = LoginVC.swift; sourceTree = "<group>"; };
		0F1718B5209D303A00B80456 /* CreateAccountVC.swift */ = {isa = PBXFileReference; lastKnownFileType = sourcecode.swift; path = CreateAccountVC.swift; sourceTree = "<group>"; };
		0F1718B8209E036700B80456 /* AuthService.swift */ = {isa = PBXFileReference; lastKnownFileType = sourcecode.swift; path = AuthService.swift; sourceTree = "<group>"; };
		0F1718BA209E35B600B80456 /* RoundedButton.swift */ = {isa = PBXFileReference; lastKnownFileType = sourcecode.swift; path = RoundedButton.swift; sourceTree = "<group>"; };
		0F206273209F934E00ED2525 /* CircleImage.swift */ = {isa = PBXFileReference; lastKnownFileType = sourcecode.swift; path = CircleImage.swift; sourceTree = "<group>"; };
		0F20627720A0ABD000ED2525 /* ProfileVC.swift */ = {isa = PBXFileReference; lastKnownFileType = sourcecode.swift; path = ProfileVC.swift; sourceTree = "<group>"; };
		0F20627820A0ABD000ED2525 /* ProfileVC.xib */ = {isa = PBXFileReference; lastKnownFileType = file.xib; path = ProfileVC.xib; sourceTree = "<group>"; };
		0F20627C20A2293D00ED2525 /* MessageService.swift */ = {isa = PBXFileReference; lastKnownFileType = sourcecode.swift; path = MessageService.swift; sourceTree = "<group>"; };
		0F20627E20A2299600ED2525 /* Channel.swift */ = {isa = PBXFileReference; lastKnownFileType = sourcecode.swift; path = Channel.swift; sourceTree = "<group>"; };
		0F20628020A377A500ED2525 /* ChannelCell.swift */ = {isa = PBXFileReference; lastKnownFileType = sourcecode.swift; path = ChannelCell.swift; sourceTree = "<group>"; };
		0F20628220A3841000ED2525 /* AddChannelVC.swift */ = {isa = PBXFileReference; lastKnownFileType = sourcecode.swift; path = AddChannelVC.swift; sourceTree = "<group>"; };
		0F20628320A3841000ED2525 /* AddChannelVC.xib */ = {isa = PBXFileReference; lastKnownFileType = file.xib; path = AddChannelVC.xib; sourceTree = "<group>"; };
		0F20628620A45E6600ED2525 /* SocketService.swift */ = {isa = PBXFileReference; lastKnownFileType = sourcecode.swift; path = SocketService.swift; sourceTree = "<group>"; };
		0F20628820A4FD5200ED2525 /* Message.swift */ = {isa = PBXFileReference; lastKnownFileType = sourcecode.swift; path = Message.swift; sourceTree = "<group>"; };
		0F20628A20A50B1600ED2525 /* KeyboardBoundView.swift */ = {isa = PBXFileReference; fileEncoding = 4; lastKnownFileType = sourcecode.swift; path = KeyboardBoundView.swift; sourceTree = "<group>"; };
		0F3660E7209E497F008FAE33 /* UserDataService.swift */ = {isa = PBXFileReference; lastKnownFileType = sourcecode.swift; path = UserDataService.swift; sourceTree = "<group>"; };
		0F3660E9209F26F8008FAE33 /* AvatarPickerVC.swift */ = {isa = PBXFileReference; lastKnownFileType = sourcecode.swift; path = AvatarPickerVC.swift; sourceTree = "<group>"; };
		0F3660EB209F29CB008FAE33 /* AvatarCell.swift */ = {isa = PBXFileReference; lastKnownFileType = sourcecode.swift; path = AvatarCell.swift; sourceTree = "<group>"; };
		0F824DA8209CC4E400CF738F /* Smack.app */ = {isa = PBXFileReference; explicitFileType = wrapper.application; includeInIndex = 0; path = Smack.app; sourceTree = BUILT_PRODUCTS_DIR; };
		0F824DAB209CC4E400CF738F /* AppDelegate.swift */ = {isa = PBXFileReference; lastKnownFileType = sourcecode.swift; path = AppDelegate.swift; sourceTree = "<group>"; };
		0F824DB0209CC4E400CF738F /* Base */ = {isa = PBXFileReference; lastKnownFileType = file.storyboard; name = Base; path = Base.lproj/Main.storyboard; sourceTree = "<group>"; };
		0F824DB2209CC4E500CF738F /* Assets.xcassets */ = {isa = PBXFileReference; lastKnownFileType = folder.assetcatalog; path = Assets.xcassets; sourceTree = "<group>"; };
		0F824DB5209CC4E500CF738F /* Base */ = {isa = PBXFileReference; lastKnownFileType = file.storyboard; name = Base; path = Base.lproj/LaunchScreen.storyboard; sourceTree = "<group>"; };
		0F824DB7209CC4E500CF738F /* Info.plist */ = {isa = PBXFileReference; lastKnownFileType = text.plist.xml; path = Info.plist; sourceTree = "<group>"; };
		368CA6EC2DB35AD734939C91 /* Pods-Smack.release.xcconfig */ = {isa = PBXFileReference; includeInIndex = 1; lastKnownFileType = text.xcconfig; name = "Pods-Smack.release.xcconfig"; path = "Pods/Target Support Files/Pods-Smack/Pods-Smack.release.xcconfig"; sourceTree = "<group>"; };
		403F667176A301D0CEDA9446 /* Pods-Smack.debug.xcconfig */ = {isa = PBXFileReference; includeInIndex = 1; lastKnownFileType = text.xcconfig; name = "Pods-Smack.debug.xcconfig"; path = "Pods/Target Support Files/Pods-Smack/Pods-Smack.debug.xcconfig"; sourceTree = "<group>"; };
		9FA671869B45ED7AE189F221 /* Pods_Smack.framework */ = {isa = PBXFileReference; explicitFileType = wrapper.framework; includeInIndex = 0; path = Pods_Smack.framework; sourceTree = BUILT_PRODUCTS_DIR; };
/* End PBXFileReference section */

/* Begin PBXFrameworksBuildPhase section */
		0F824DA5209CC4E400CF738F /* Frameworks */ = {
			isa = PBXFrameworksBuildPhase;
			buildActionMask = 2147483647;
			files = (
				D929625F8A3B7197BECC72E1 /* Pods_Smack.framework in Frameworks */,
			);
			runOnlyForDeploymentPostprocessing = 0;
		};
/* End PBXFrameworksBuildPhase section */

/* Begin PBXGroup section */
		0F171890209CD44300B80456 /* Supporting Files */ = {
			isa = PBXGroup;
			children = (
				0F171892209CD4D300B80456 /* SWRevealViewController.h */,
				0F171893209CD4D300B80456 /* SWRevealViewController.m */,
				0F171891209CD4D200B80456 /* Smack-Bridging-Header.h */,
			);
			name = "Supporting Files";
			path = "../Supporting Files";
			sourceTree = "<group>";
		};
		0F17189F209CE2F900B80456 /* Supporting Files */ = {
			isa = PBXGroup;
			children = (
			);
			path = "Supporting Files";
			sourceTree = "<group>";
		};
		0F1718A6209CEDDA00B80456 /* Controlls */ = {
			isa = PBXGroup;
			children = (
				0F1718AA209CEE2E00B80456 /* ChannelVC.swift */,
				0F1718AC209CEE3F00B80456 /* ChatVC.swift */,
				0F1718B3209D0F5700B80456 /* LoginVC.swift */,
				0F1718B5209D303A00B80456 /* CreateAccountVC.swift */,
				0F3660E9209F26F8008FAE33 /* AvatarPickerVC.swift */,
				0F20627720A0ABD000ED2525 /* ProfileVC.swift */,
				0F20628220A3841000ED2525 /* AddChannelVC.swift */,
			);
			path = Controlls;
			sourceTree = "<group>";
		};
		0F1718A7209CEDE300B80456 /* View */ = {
			isa = PBXGroup;
			children = (
				0F1718AE209CF7F600B80456 /* GradientView.swift */,
				0F1718BA209E35B600B80456 /* RoundedButton.swift */,
				0F3660EB209F29CB008FAE33 /* AvatarCell.swift */,
				0F206273209F934E00ED2525 /* CircleImage.swift */,
				0F20628020A377A500ED2525 /* ChannelCell.swift */,
				0F20628A20A50B1600ED2525 /* KeyboardBoundView.swift */,
			);
			path = View;
			sourceTree = "<group>";
		};
		0F1718A9209CEDF900B80456 /* Model */ = {
			isa = PBXGroup;
			children = (
				0F20627E20A2299600ED2525 /* Channel.swift */,
				0F20628820A4FD5200ED2525 /* Message.swift */,
			);
			path = Model;
			sourceTree = "<group>";
		};
		0F1718B0209D07CA00B80456 /* Utilities */ = {
			isa = PBXGroup;
			children = (
				0F1718B1209D07DF00B80456 /* Constants.swift */,
			);
			path = Utilities;
			sourceTree = "<group>";
		};
		0F1718B7209E034300B80456 /* Services */ = {
			isa = PBXGroup;
			children = (
				0F1718B8209E036700B80456 /* AuthService.swift */,
				0F3660E7209E497F008FAE33 /* UserDataService.swift */,
				0F20627C20A2293D00ED2525 /* MessageService.swift */,
				0F20628620A45E6600ED2525 /* SocketService.swift */,
			);
			path = Services;
			sourceTree = "<group>";
		};
		0F20627B20A0AC0900ED2525 /* XIBs */ = {
			isa = PBXGroup;
			children = (
				0F20627820A0ABD000ED2525 /* ProfileVC.xib */,
				0F20628320A3841000ED2525 /* AddChannelVC.xib */,
			);
			path = XIBs;
			sourceTree = "<group>";
		};
		0F824D9F209CC4E400CF738F = {
			isa = PBXGroup;
			children = (
				0F824DAA209CC4E400CF738F /* Smack */,
				0F824DA9209CC4E400CF738F /* Products */,
				3909FC47A137D33C0336DAE6 /* Pods */,
				16558DBE25A9AF819D3FCA7A /* Frameworks */,
			);
			sourceTree = "<group>";
		};
		0F824DA9209CC4E400CF738F /* Products */ = {
			isa = PBXGroup;
			children = (
				0F824DA8209CC4E400CF738F /* Smack.app */,
			);
			name = Products;
			sourceTree = "<group>";
		};
		0F824DAA209CC4E400CF738F /* Smack */ = {
			isa = PBXGroup;
			children = (
				0F20627B20A0AC0900ED2525 /* XIBs */,
				0F1718B7209E034300B80456 /* Services */,
				0F1718B0209D07CA00B80456 /* Utilities */,
				0F171890209CD44300B80456 /* Supporting Files */,
				0F1718A9209CEDF900B80456 /* Model */,
				0F1718A7209CEDE300B80456 /* View */,
				0F1718A6209CEDDA00B80456 /* Controlls */,
				0F17189F209CE2F900B80456 /* Supporting Files */,
				0F824DAB209CC4E400CF738F /* AppDelegate.swift */,
				0F824DAF209CC4E400CF738F /* Main.storyboard */,
				0F824DB2209CC4E500CF738F /* Assets.xcassets */,
				0F824DB4209CC4E500CF738F /* LaunchScreen.storyboard */,
				0F824DB7209CC4E500CF738F /* Info.plist */,
			);
			path = Smack;
			sourceTree = "<group>";
		};
		16558DBE25A9AF819D3FCA7A /* Frameworks */ = {
			isa = PBXGroup;
			children = (
				9FA671869B45ED7AE189F221 /* Pods_Smack.framework */,
			);
			name = Frameworks;
			sourceTree = "<group>";
		};
		3909FC47A137D33C0336DAE6 /* Pods */ = {
			isa = PBXGroup;
			children = (
				403F667176A301D0CEDA9446 /* Pods-Smack.debug.xcconfig */,
				368CA6EC2DB35AD734939C91 /* Pods-Smack.release.xcconfig */,
			);
			name = Pods;
			sourceTree = "<group>";
		};
/* End PBXGroup section */

/* Begin PBXNativeTarget section */
		0F824DA7209CC4E400CF738F /* Smack */ = {
			isa = PBXNativeTarget;
			buildConfigurationList = 0F824DBA209CC4E500CF738F /* Build configuration list for PBXNativeTarget "Smack" */;
			buildPhases = (
				C5BA3964AEC963F649A171AA /* [CP] Check Pods Manifest.lock */,
				0F824DA4209CC4E400CF738F /* Sources */,
				0F824DA5209CC4E400CF738F /* Frameworks */,
				0F824DA6209CC4E400CF738F /* Resources */,
				325BE4B565F94DE1A846DD80 /* [CP] Embed Pods Frameworks */,
			);
			buildRules = (
			);
			dependencies = (
			);
			name = Smack;
			productName = Smack;
			productReference = 0F824DA8209CC4E400CF738F /* Smack.app */;
			productType = "com.apple.product-type.application";
		};
/* End PBXNativeTarget section */

/* Begin PBXProject section */
		0F824DA0209CC4E400CF738F /* Project object */ = {
			isa = PBXProject;
			attributes = {
				LastSwiftUpdateCheck = 0930;
				LastUpgradeCheck = 0930;
				ORGANIZATIONNAME = MoHapX;
				TargetAttributes = {
					0F824DA7209CC4E400CF738F = {
						CreatedOnToolsVersion = 9.3;
						LastSwiftMigration = 0930;
					};
				};
			};
			buildConfigurationList = 0F824DA3209CC4E400CF738F /* Build configuration list for PBXProject "Smack" */;
			compatibilityVersion = "Xcode 9.3";
			developmentRegion = en;
			hasScannedForEncodings = 0;
			knownRegions = (
				en,
				Base,
			);
			mainGroup = 0F824D9F209CC4E400CF738F;
			productRefGroup = 0F824DA9209CC4E400CF738F /* Products */;
			projectDirPath = "";
			projectRoot = "";
			targets = (
				0F824DA7209CC4E400CF738F /* Smack */,
			);
		};
/* End PBXProject section */

/* Begin PBXResourcesBuildPhase section */
		0F824DA6209CC4E400CF738F /* Resources */ = {
			isa = PBXResourcesBuildPhase;
			buildActionMask = 2147483647;
			files = (
				0F20628520A3841000ED2525 /* AddChannelVC.xib in Resources */,
				0F20627A20A0ABD000ED2525 /* ProfileVC.xib in Resources */,
				0F824DB6209CC4E500CF738F /* LaunchScreen.storyboard in Resources */,
				0F824DB3209CC4E500CF738F /* Assets.xcassets in Resources */,
				0F824DB1209CC4E400CF738F /* Main.storyboard in Resources */,
			);
			runOnlyForDeploymentPostprocessing = 0;
		};
/* End PBXResourcesBuildPhase section */

/* Begin PBXShellScriptBuildPhase section */
		325BE4B565F94DE1A846DD80 /* [CP] Embed Pods Frameworks */ = {
			isa = PBXShellScriptBuildPhase;
			buildActionMask = 2147483647;
			files = (
			);
			inputPaths = (
				"${SRCROOT}/Pods/Target Support Files/Pods-Smack/Pods-Smack-frameworks.sh",
				"${BUILT_PRODUCTS_DIR}/Alamofire/Alamofire.framework",
				"${BUILT_PRODUCTS_DIR}/Socket.IO-Client-Swift/SocketIO.framework",
				"${BUILT_PRODUCTS_DIR}/Starscream/Starscream.framework",
				"${BUILT_PRODUCTS_DIR}/SwiftyJSON/SwiftyJSON.framework",
			);
			name = "[CP] Embed Pods Frameworks";
			outputPaths = (
				"${TARGET_BUILD_DIR}/${FRAMEWORKS_FOLDER_PATH}/Alamofire.framework",
				"${TARGET_BUILD_DIR}/${FRAMEWORKS_FOLDER_PATH}/SocketIO.framework",
				"${TARGET_BUILD_DIR}/${FRAMEWORKS_FOLDER_PATH}/Starscream.framework",
				"${TARGET_BUILD_DIR}/${FRAMEWORKS_FOLDER_PATH}/SwiftyJSON.framework",
			);
			runOnlyForDeploymentPostprocessing = 0;
			shellPath = /bin/sh;
			shellScript = "\"${SRCROOT}/Pods/Target Support Files/Pods-Smack/Pods-Smack-frameworks.sh\"\n";
			showEnvVarsInLog = 0;
		};
		C5BA3964AEC963F649A171AA /* [CP] Check Pods Manifest.lock */ = {
			isa = PBXShellScriptBuildPhase;
			buildActionMask = 2147483647;
			files = (
			);
			inputPaths = (
				"${PODS_PODFILE_DIR_PATH}/Podfile.lock",
				"${PODS_ROOT}/Manifest.lock",
			);
			name = "[CP] Check Pods Manifest.lock";
			outputPaths = (
				"$(DERIVED_FILE_DIR)/Pods-Smack-checkManifestLockResult.txt",
			);
			runOnlyForDeploymentPostprocessing = 0;
			shellPath = /bin/sh;
			shellScript = "diff \"${PODS_PODFILE_DIR_PATH}/Podfile.lock\" \"${PODS_ROOT}/Manifest.lock\" > /dev/null\nif [ $? != 0 ] ; then\n    # print error to STDERR\n    echo \"error: The sandbox is not in sync with the Podfile.lock. Run 'pod install' or update your CocoaPods installation.\" >&2\n    exit 1\nfi\n# This output is used by Xcode 'outputs' to avoid re-running this script phase.\necho \"SUCCESS\" > \"${SCRIPT_OUTPUT_FILE_0}\"\n";
			showEnvVarsInLog = 0;
		};
/* End PBXShellScriptBuildPhase section */

/* Begin PBXSourcesBuildPhase section */
		0F824DA4209CC4E400CF738F /* Sources */ = {
			isa = PBXSourcesBuildPhase;
			buildActionMask = 2147483647;
			files = (
				0F20628B20A50B1600ED2525 /* KeyboardBoundView.swift in Sources */,
				0F20628720A45E6600ED2525 /* SocketService.swift in Sources */,
				0F20627920A0ABD000ED2525 /* ProfileVC.swift in Sources */,
				0F20628120A377A500ED2525 /* ChannelCell.swift in Sources */,
				0F1718AD209CEE3F00B80456 /* ChatVC.swift in Sources */,
				0F1718BB209E35B600B80456 /* RoundedButton.swift in Sources */,
				0F3660EA209F26F8008FAE33 /* AvatarPickerVC.swift in Sources */,
				0F20628920A4FD5200ED2525 /* Message.swift in Sources */,
				0F20627F20A2299600ED2525 /* Channel.swift in Sources */,
				0F206274209F934E00ED2525 /* CircleImage.swift in Sources */,
				0F20627D20A2293D00ED2525 /* MessageService.swift in Sources */,
				0F824DAC209CC4E400CF738F /* AppDelegate.swift in Sources */,
				0F3660E8209E497F008FAE33 /* UserDataService.swift in Sources */,
				0F1718B6209D303A00B80456 /* CreateAccountVC.swift in Sources */,
				0F1718B9209E036700B80456 /* AuthService.swift in Sources */,
				0F1718B4209D0F5700B80456 /* LoginVC.swift in Sources */,
				0F20628420A3841000ED2525 /* AddChannelVC.swift in Sources */,
				0F1718AF209CF7F600B80456 /* GradientView.swift in Sources */,
				0F3660EC209F29CB008FAE33 /* AvatarCell.swift in Sources */,
				0F171894209CD4D300B80456 /* SWRevealViewController.m in Sources */,
				0F1718AB209CEE2E00B80456 /* ChannelVC.swift in Sources */,
				0F1718B2209D07DF00B80456 /* Constants.swift in Sources */,
			);
			runOnlyForDeploymentPostprocessing = 0;
		};
/* End PBXSourcesBuildPhase section */

/* Begin PBXVariantGroup section */
		0F824DAF209CC4E400CF738F /* Main.storyboard */ = {
			isa = PBXVariantGroup;
			children = (
				0F824DB0209CC4E400CF738F /* Base */,
			);
			name = Main.storyboard;
			sourceTree = "<group>";
		};
		0F824DB4209CC4E500CF738F /* LaunchScreen.storyboard */ = {
			isa = PBXVariantGroup;
			children = (
				0F824DB5209CC4E500CF738F /* Base */,
			);
			name = LaunchScreen.storyboard;
			sourceTree = "<group>";
		};
/* End PBXVariantGroup section */

/* Begin XCBuildConfiguration section */
		0F824DB8209CC4E500CF738F /* Debug */ = {
			isa = XCBuildConfiguration;
			buildSettings = {
				ALWAYS_SEARCH_USER_PATHS = NO;
				CLANG_ANALYZER_NONNULL = YES;
				CLANG_ANALYZER_NUMBER_OBJECT_CONVERSION = YES_AGGRESSIVE;
				CLANG_CXX_LANGUAGE_STANDARD = "gnu++14";
				CLANG_CXX_LIBRARY = "libc++";
				CLANG_ENABLE_MODULES = YES;
				CLANG_ENABLE_OBJC_ARC = YES;
				CLANG_ENABLE_OBJC_WEAK = YES;
				CLANG_WARN_BLOCK_CAPTURE_AUTORELEASING = YES;
				CLANG_WARN_BOOL_CONVERSION = YES;
				CLANG_WARN_COMMA = YES;
				CLANG_WARN_CONSTANT_CONVERSION = YES;
				CLANG_WARN_DEPRECATED_OBJC_IMPLEMENTATIONS = YES;
				CLANG_WARN_DIRECT_OBJC_ISA_USAGE = YES_ERROR;
				CLANG_WARN_DOCUMENTATION_COMMENTS = YES;
				CLANG_WARN_EMPTY_BODY = YES;
				CLANG_WARN_ENUM_CONVERSION = YES;
				CLANG_WARN_INFINITE_RECURSION = YES;
				CLANG_WARN_INT_CONVERSION = YES;
				CLANG_WARN_NON_LITERAL_NULL_CONVERSION = YES;
				CLANG_WARN_OBJC_IMPLICIT_RETAIN_SELF = YES;
				CLANG_WARN_OBJC_LITERAL_CONVERSION = YES;
				CLANG_WARN_OBJC_ROOT_CLASS = YES_ERROR;
				CLANG_WARN_RANGE_LOOP_ANALYSIS = YES;
				CLANG_WARN_STRICT_PROTOTYPES = YES;
				CLANG_WARN_SUSPICIOUS_MOVE = YES;
				CLANG_WARN_UNGUARDED_AVAILABILITY = YES_AGGRESSIVE;
				CLANG_WARN_UNREACHABLE_CODE = YES;
				CLANG_WARN__DUPLICATE_METHOD_MATCH = YES;
				CODE_SIGN_IDENTITY = "iPhone Developer";
				COPY_PHASE_STRIP = NO;
				DEBUG_INFORMATION_FORMAT = dwarf;
				ENABLE_STRICT_OBJC_MSGSEND = YES;
				ENABLE_TESTABILITY = YES;
				GCC_C_LANGUAGE_STANDARD = gnu11;
				GCC_DYNAMIC_NO_PIC = NO;
				GCC_NO_COMMON_BLOCKS = YES;
				GCC_OPTIMIZATION_LEVEL = 0;
				GCC_PREPROCESSOR_DEFINITIONS = (
					"DEBUG=1",
					"$(inherited)",
				);
				GCC_WARN_64_TO_32_BIT_CONVERSION = YES;
				GCC_WARN_ABOUT_RETURN_TYPE = YES_ERROR;
				GCC_WARN_UNDECLARED_SELECTOR = YES;
				GCC_WARN_UNINITIALIZED_AUTOS = YES_AGGRESSIVE;
				GCC_WARN_UNUSED_FUNCTION = YES;
				GCC_WARN_UNUSED_VARIABLE = YES;
				IPHONEOS_DEPLOYMENT_TARGET = 11.3;
				MTL_ENABLE_DEBUG_INFO = YES;
				ONLY_ACTIVE_ARCH = YES;
				SDKROOT = iphoneos;
				SWIFT_ACTIVE_COMPILATION_CONDITIONS = DEBUG;
				SWIFT_OPTIMIZATION_LEVEL = "-Onone";
			};
			name = Debug;
		};
		0F824DB9209CC4E500CF738F /* Release */ = {
			isa = XCBuildConfiguration;
			buildSettings = {
				ALWAYS_SEARCH_USER_PATHS = NO;
				CLANG_ANALYZER_NONNULL = YES;
				CLANG_ANALYZER_NUMBER_OBJECT_CONVERSION = YES_AGGRESSIVE;
				CLANG_CXX_LANGUAGE_STANDARD = "gnu++14";
				CLANG_CXX_LIBRARY = "libc++";
				CLANG_ENABLE_MODULES = YES;
				CLANG_ENABLE_OBJC_ARC = YES;
				CLANG_ENABLE_OBJC_WEAK = YES;
				CLANG_WARN_BLOCK_CAPTURE_AUTORELEASING = YES;
				CLANG_WARN_BOOL_CONVERSION = YES;
				CLANG_WARN_COMMA = YES;
				CLANG_WARN_CONSTANT_CONVERSION = YES;
				CLANG_WARN_DEPRECATED_OBJC_IMPLEMENTATIONS = YES;
				CLANG_WARN_DIRECT_OBJC_ISA_USAGE = YES_ERROR;
				CLANG_WARN_DOCUMENTATION_COMMENTS = YES;
				CLANG_WARN_EMPTY_BODY = YES;
				CLANG_WARN_ENUM_CONVERSION = YES;
				CLANG_WARN_INFINITE_RECURSION = YES;
				CLANG_WARN_INT_CONVERSION = YES;
				CLANG_WARN_NON_LITERAL_NULL_CONVERSION = YES;
				CLANG_WARN_OBJC_IMPLICIT_RETAIN_SELF = YES;
				CLANG_WARN_OBJC_LITERAL_CONVERSION = YES;
				CLANG_WARN_OBJC_ROOT_CLASS = YES_ERROR;
				CLANG_WARN_RANGE_LOOP_ANALYSIS = YES;
				CLANG_WARN_STRICT_PROTOTYPES = YES;
				CLANG_WARN_SUSPICIOUS_MOVE = YES;
				CLANG_WARN_UNGUARDED_AVAILABILITY = YES_AGGRESSIVE;
				CLANG_WARN_UNREACHABLE_CODE = YES;
				CLANG_WARN__DUPLICATE_METHOD_MATCH = YES;
				CODE_SIGN_IDENTITY = "iPhone Developer";
				COPY_PHASE_STRIP = NO;
				DEBUG_INFORMATION_FORMAT = "dwarf-with-dsym";
				ENABLE_NS_ASSERTIONS = NO;
				ENABLE_STRICT_OBJC_MSGSEND = YES;
				GCC_C_LANGUAGE_STANDARD = gnu11;
				GCC_NO_COMMON_BLOCKS = YES;
				GCC_WARN_64_TO_32_BIT_CONVERSION = YES;
				GCC_WARN_ABOUT_RETURN_TYPE = YES_ERROR;
				GCC_WARN_UNDECLARED_SELECTOR = YES;
				GCC_WARN_UNINITIALIZED_AUTOS = YES_AGGRESSIVE;
				GCC_WARN_UNUSED_FUNCTION = YES;
				GCC_WARN_UNUSED_VARIABLE = YES;
				IPHONEOS_DEPLOYMENT_TARGET = 11.3;
				MTL_ENABLE_DEBUG_INFO = NO;
				SDKROOT = iphoneos;
				SWIFT_COMPILATION_MODE = wholemodule;
				SWIFT_OPTIMIZATION_LEVEL = "-O";
				VALIDATE_PRODUCT = YES;
			};
			name = Release;
		};
		0F824DBB209CC4E500CF738F /* Debug */ = {
			isa = XCBuildConfiguration;
			baseConfigurationReference = 403F667176A301D0CEDA9446 /* Pods-Smack.debug.xcconfig */;
			buildSettings = {
				ASSETCATALOG_COMPILER_APPICON_NAME = AppIcon;
				CLANG_ENABLE_MODULES = YES;
				CODE_SIGN_STYLE = Automatic;
				DEVELOPMENT_TEAM = 8TK9ZWBT54;
				INFOPLIST_FILE = Smack/Info.plist;
				LD_RUNPATH_SEARCH_PATHS = (
					"$(inherited)",
					"@executable_path/Frameworks",
				);
				PRODUCT_BUNDLE_IDENTIFIER = io.Rsystems.Smack;
				PRODUCT_NAME = "$(TARGET_NAME)";
				SWIFT_OBJC_BRIDGING_HEADER = "Supporting Files/Smack-Bridging-Header.h";
				SWIFT_OPTIMIZATION_LEVEL = "-Onone";
				SWIFT_VERSION = 4.0;
				TARGETED_DEVICE_FAMILY = "1,2";
			};
			name = Debug;
		};
		0F824DBC209CC4E500CF738F /* Release */ = {
			isa = XCBuildConfiguration;
			baseConfigurationReference = 368CA6EC2DB35AD734939C91 /* Pods-Smack.release.xcconfig */;
			buildSettings = {
				ASSETCATALOG_COMPILER_APPICON_NAME = AppIcon;
				CLANG_ENABLE_MODULES = YES;
				CODE_SIGN_STYLE = Automatic;
				DEVELOPMENT_TEAM = 8TK9ZWBT54;
				INFOPLIST_FILE = Smack/Info.plist;
				LD_RUNPATH_SEARCH_PATHS = (
					"$(inherited)",
					"@executable_path/Frameworks",
				);
				PRODUCT_BUNDLE_IDENTIFIER = io.Rsystems.Smack;
				PRODUCT_NAME = "$(TARGET_NAME)";
				SWIFT_OBJC_BRIDGING_HEADER = "Supporting Files/Smack-Bridging-Header.h";
				SWIFT_VERSION = 4.0;
				TARGETED_DEVICE_FAMILY = "1,2";
			};
			name = Release;
		};
/* End XCBuildConfiguration section */

/* Begin XCConfigurationList section */
		0F824DA3209CC4E400CF738F /* Build configuration list for PBXProject "Smack" */ = {
			isa = XCConfigurationList;
			buildConfigurations = (
				0F824DB8209CC4E500CF738F /* Debug */,
				0F824DB9209CC4E500CF738F /* Release */,
			);
			defaultConfigurationIsVisible = 0;
			defaultConfigurationName = Release;
		};
		0F824DBA209CC4E500CF738F /* Build configuration list for PBXNativeTarget "Smack" */ = {
			isa = XCConfigurationList;
			buildConfigurations = (
				0F824DBB209CC4E500CF738F /* Debug */,
				0F824DBC209CC4E500CF738F /* Release */,
			);
			defaultConfigurationIsVisible = 0;
			defaultConfigurationName = Release;
		};
/* End XCConfigurationList section */
	};
	rootObject = 0F824DA0209CC4E400CF738F /* Project object */;
}
